Microsoft Visual Studio Solution File, Format Version 12.00
# Visual Studio Version 17
VisualStudioVersion = 17.12.35514.174 d17.12
MinimumVisualStudioVersion = 10.0.40219.1
Project("{FAE04EC0-301F-11D3-BF4B-00C04F79EFBC}") = "Syrcus", "Syrcus\Syrcus.csproj", "{36ABFA6F-B296-43A6-A4A2-7B07BFA09569}"
EndProject
Project("{2150E333-8FDC-42A3-9474-1A3956D46DE8}") = "Solution Items", "Solution Items", "{AF2D4E4F-A510-422D-B7FF-CE07AB0B9118}"
	ProjectSection(SolutionItems) = preProject
		.editorconfig = .editorconfig
	EndProjectSection
EndProject
Global
	GlobalSection(SolutionConfigurationPlatforms) = preSolution
		Debug|Any CPU = Debug|Any CPU
		Debug|x64 = Debug|x64
		Release|Any CPU = Release|Any CPU
		Release|x64 = Release|x64
	EndGlobalSection
	GlobalSection(ProjectConfigurationPlatforms) = postSolution
		{36ABFA6F-B296-43A6-A4A2-7B07BFA09569}.Debug|Any CPU.ActiveCfg = Debug|Any CPU
		{36ABFA6F-B296-43A6-A4A2-7B07BFA09569}.Debug|Any CPU.Build.0 = Debug|Any CPU
		{36ABFA6F-B296-43A6-A4A2-7B07BFA09569}.Debug|x64.ActiveCfg = Debug|x64
		{36ABFA6F-B296-43A6-A4A2-7B07BFA09569}.Debug|x64.Build.0 = Debug|x64
		{36ABFA6F-B296-43A6-A4A2-7B07BFA09569}.Release|Any CPU.ActiveCfg = Release|Any CPU
		{36ABFA6F-B296-43A6-A4A2-7B07BFA09569}.Release|Any CPU.Build.0 = Release|Any CPU
		{36ABFA6F-B296-43A6-A4A2-7B07BFA09569}.Release|x64.ActiveCfg = Release|x64
		{36ABFA6F-B296-43A6-A4A2-7B07BFA09569}.Release|x64.Build.0 = Release|x64
	EndGlobalSection
	GlobalSection(SolutionProperties) = preSolution
		HideSolutionNode = FALSE
	EndGlobalSection
	GlobalSection(ExtensibilityGlobals) = postSolution
		SolutionGuid = {329177CD-A5FA-4E09-91FC-70305CE936B2}
	EndGlobalSection
EndGlobal
