{
  "version": 1,
  "dependencies": {
    "net8.0-windows7.0": {
      "DalamudPackager": {
        "type": "Direct",
        "requested": "[11.0.0, )",
        "resolved": "11.0.0",
        "contentHash": "bjT7XUlhIJSmsE/O76b7weUX+evvGQctbQB8aKXt94o+oPWxHpCepxAGMs7Thow3AzCyqWs7cOpp9/2wcgRRQA=="
      },
      "WebSocketSharp": {
        "type": "Direct",
        "requested": "[1.0.3-rc11, )",
        "resolved": "1.0.3-rc11",
        "contentHash": "7VCF7f7zVMOvLGD8LeGS4DVXc8lOcB6kXnUMeTxigu+PMiU+6wW5Olq2gYrDU8vDRKOwFY+5RyBaLyzb8skEzA=="
      }
    }
  }
}